version = 1
revision = 3
requires-python = ">=3.14"

[[package]]
name = "cnc4060"
version = "1.0.1"
source = { editable = "." }
dependencies = [
    { name = "freecad-asm3" },
    { name = "freecad-fasteners" },
    { name = "py-slvs" },
]

[package.dev-dependencies]
dev = [
    { name = "fcppm" },
]

[package.metadata]
requires-dist = [
    { name = "freecad-asm3", specifier = "==0.12.3" },
    { name = "freecad-fasteners", specifier = "==0.5.67" },
    { name = "py-slvs", specifier = ">=1.0.6" },
]

[package.metadata.requires-dev]
dev = [{ name = "fcppm", specifier = ">=0.2.0" }]

[[package]]
name = "fcppm"
version = "0.2.0"
source = { registry = "https://gitea.insleker.org/api/packages/inkr_org/pypi/simple/" }
sdist = { url = "https://gitea.insleker.org/api/packages/inkr_org/pypi/files/fcppm/0.2.0/fcppm-0.2.0.tar.gz", hash = "sha256:5b36c6f0ab00f661681a5d8ec0025c77657bd89d08f89cee228d90ab84471a1c" }
wheels = [
    { url = "https://gitea.insleker.org/api/packages/inkr_org/pypi/files/fcppm/0.2.0/fcppm-0.2.0-py3-none-any.whl", hash = "sha256:5d2a1231bc137a07e673a8ae83cd2eaf5cc49e8a73490f6b75274a05cfecaf4f" },
]

[[package]]
name = "freecad-asm3"
version = "0.12.3"
source = { registry = "https://gitea.insleker.org/api/packages/inkr_org/pypi/simple/" }
dependencies = [
    { name = "py-slvs" },
    { name = "six" },
]
sdist = { url = "https://gitea.insleker.org/api/packages/inkr_org/pypi/files/freecad-asm3/0.12.3/freecad_asm3-0.12.3.tar.gz", hash = "sha256:eb4fbe005944a245a0b406a6286c167b4ab78ae668bc2ccb0e86b4c22badf154" }
wheels = [
    { url = "https://gitea.insleker.org/api/packages/inkr_org/pypi/files/freecad-asm3/0.12.3/freecad_asm3-0.12.3-py3-none-any.whl", hash = "sha256:81bea2a49cabf43b879f7b9905a6668569f1a71f8ea4226d21a607d59b557d8b" },
]

[[package]]
name = "freecad-fasteners"
version = "0.5.67"
source = { registry = "https://gitea.insleker.org/api/packages/inkr_org/pypi/simple/" }
sdist = { url = "https://gitea.insleker.org/api/packages/inkr_org/pypi/files/freecad-fasteners/0.5.67/freecad_fasteners-0.5.67.tar.gz", hash = "sha256:2aa17fb156783d34bd94f464f830d6dcac509109c61e33612cadc8161861cfe4" }
wheels = [
    { url = "https://gitea.insleker.org/api/packages/inkr_org/pypi/files/freecad-fasteners/0.5.67/freecad_fasteners-0.5.67-py3-none-any.whl", hash = "sha256:a2f90dd24421f16f66be777f6c4f0ab8781e70fcd841e62ee1aad115b91ce420" },
]

[[package]]
name = "py-slvs"
version = "1.0.6"
source = { registry = "https://pypi.org/simple" }
sdist = { url = "https://files.pythonhosted.org/packages/da/c5/ac1a0f5f6872706eb6205ecd4774322892893943f8ac3537079701c183a3/py_slvs-1.0.6.tar.gz", hash = "sha256:53a4ff697cb42530b5a6d2f9a0199c874cad48f98891103c5ce8b7d4da40ae72", size = 2433600, upload-time = "2023-03-17T02:18:24.074Z" }

[[package]]
name = "six"
version = "1.17.0"
source = { registry = "https://pypi.org/simple" }
sdist = { url = "https://files.pythonhosted.org/packages/94/e7/b2c673351809dca68a0e064b6af791aa332cf192da575fd474ed7d6f16a2/six-1.17.0.tar.gz", hash = "sha256:ff70335d468e7eb6ec65b95b99d3a2836546063f63acc5171de367e834932a81", size = 34031, upload-time = "2024-12-04T17:35:28.174Z" }
wheels = [
    { url = "https://files.pythonhosted.org/packages/b7/ce/149a00dd41f10bc29e5921b496af8b574d8413afcd5e30dfa0ed46c2cc5e/six-1.17.0-py2.py3-none-any.whl", hash = "sha256:4721f391ed90541fddacab5acf947aa0d3dc7d27b2e1e8eda2be8970586c3274", size = 11050, upload-time = "2024-12-04T17:35:26.475Z" },
]
